<Solution>
  <Folder Name="/Tests/">
    <Project Path="Irc.Tests/Irc.Tests.csproj" />
  </Folder>
  <Project Path="Irc.Daemon/Irc.Daemon.csproj" />
  <Project Path="Irc.Directory/Irc.Directory.csproj" />
  <Project Path="Irc.Helpers/Irc.Helpers.csproj" />
  <Project Path="Irc.Logging/Irc.Logging.csproj" />
  <Project Path="Irc/Irc.csproj" />
</Solution>
